
Microsoft Visual Studio Solution File, Format Version 12.00
# Visual Studio Version 17
VisualStudioVersion = 17.5.33530.505
MinimumVisualStudioVersion = 10.0.40219.1
Project("{FAE04EC0-301F-11D3-BF4B-00C04F79EFBC}") = "CLIPSConsole", "CLIPSConsole.csproj", "{E4890B99-BF00-41C6-B764-1A34E0D6DED6}"
EndProject
Project("{FAE04EC0-301F-11D3-BF4B-00C04F79EFBC}") = "CLIPSExpertSystem", "..\CLIPSExpertSystem\CLIPSExpertSystem.csproj", "{63D8AC40-4F88-4048-B542-7991FE716704}"
EndProject
Global
	GlobalSection(SolutionConfigurationPlatforms) = preSolution
		Debug|Any CPU = Debug|Any CPU
		Release|Any CPU = Release|Any CPU
	EndGlobalSection
	GlobalSection(ProjectConfigurationPlatforms) = postSolution
		{E4890B99-BF00-41C6-B764-1A34E0D6DED6}.Debug|Any CPU.ActiveCfg = Debug|Any CPU
		{E4890B99-BF00-41C6-B764-1A34E0D6DED6}.Debug|Any CPU.Build.0 = Debug|Any CPU
		{E4890B99-BF00-41C6-B764-1A34E0D6DED6}.Release|Any CPU.ActiveCfg = Release|Any CPU
		{E4890B99-BF00-41C6-B764-1A34E0D6DED6}.Release|Any CPU.Build.0 = Release|Any CPU
		{63D8AC40-4F88-4048-B542-7991FE716704}.Debug|Any CPU.ActiveCfg = Debug|Any CPU
		{63D8AC40-4F88-4048-B542-7991FE716704}.Debug|Any CPU.Build.0 = Debug|Any CPU
		{63D8AC40-4F88-4048-B542-7991FE716704}.Release|Any CPU.ActiveCfg = Release|Any CPU
		{63D8AC40-4F88-4048-B542-7991FE716704}.Release|Any CPU.Build.0 = Release|Any CPU
	EndGlobalSection
	GlobalSection(SolutionProperties) = preSolution
		HideSolutionNode = FALSE
	EndGlobalSection
	GlobalSection(ExtensibilityGlobals) = postSolution
		SolutionGuid = {352C6E62-D279-4E76-94B5-2722B0978746}
	EndGlobalSection
EndGlobal
